// !$*UTF8*$!
{
	archiveVersion = 1;
	classes = {
	};
	objectVersion = 56;
	objects = {

/* Begin PBXBuildFile section */
		EF7E117B29DB64C900BB9E91 /* AppDelegate.swift in Sources */ = {isa = PBXBuildFile; fileRef = EF7E117A29DB64C900BB9E91 /* AppDelegate.swift */; };
		EF7E117D29DB64C900BB9E91 /* SceneDelegate.swift in Sources */ = {isa = PBXBuildFile; fileRef = EF7E117C29DB64C900BB9E91 /* SceneDelegate.swift */; };
		EF7E117F29DB64C900BB9E91 /* TaskListViewController.swift in Sources */ = {isa = PBXBuildFile; fileRef = EF7E117E29DB64C900BB9E91 /* TaskListViewController.swift */; };
		EF7E118529DB64C900BB9E91 /* TaskList.xcdatamodeld in Sources */ = {isa = PBXBuildFile; fileRef = EF7E118329DB64C900BB9E91 /* TaskList.xcdatamodeld */; };
		EF7E118729DB64C900BB9E91 /* Assets.xcassets in Resources */ = {isa = PBXBuildFile; fileRef = EF7E118629DB64C900BB9E91 /* Assets.xcassets */; };
		EF7E118A29DB64C900BB9E91 /* LaunchScreen.storyboard in Resources */ = {isa = PBXBuildFile; fileRef = EF7E118829DB64C900BB9E91 /* LaunchScreen.storyboard */; };
		EF7E119729DB677600BB9E91 /* TaskTableViewCell.swift in Sources */ = {isa = PBXBuildFile; fileRef = EF7E119629DB677600BB9E91 /* TaskTableViewCell.swift */; };
		EF7E119929DB739900BB9E91 /* TaskViewController.swift in Sources */ = {isa = PBXBuildFile; fileRef = EF7E119829DB739900BB9E91 /* TaskViewController.swift */; };
		EF7E119C29DB7A0300BB9E91 /* UIButton + ext.swift in Sources */ = {isa = PBXBuildFile; fileRef = EF7E119B29DB7A0300BB9E91 /* UIButton + ext.swift */; };
		EF7E119E29DB7B4400BB9E91 /* UIStackView + ext.swift in Sources */ = {isa = PBXBuildFile; fileRef = EF7E119D29DB7B4400BB9E91 /* UIStackView + ext.swift */; };
		EF7E11A029DC82F300BB9E91 /* ShowAlert.swift in Sources */ = {isa = PBXBuildFile; fileRef = EF7E119F29DC82F300BB9E91 /* ShowAlert.swift */; };
/* End PBXBuildFile section */

/* Begin PBXFileReference section */
		EF7E117729DB64C900BB9E91 /* TaskList.app */ = {isa = PBXFileReference; explicitFileType = wrapper.application; includeInIndex = 0; path = TaskList.app; sourceTree = BUILT_PRODUCTS_DIR; };
		EF7E117A29DB64C900BB9E91 /* AppDelegate.swift */ = {isa = PBXFileReference; lastKnownFileType = sourcecode.swift; path = AppDelegate.swift; sourceTree = "<group>"; };
		EF7E117C29DB64C900BB9E91 /* SceneDelegate.swift */ = {isa = PBXFileReference; lastKnownFileType = sourcecode.swift; path = SceneDelegate.swift; sourceTree = "<group>"; };
		EF7E117E29DB64C900BB9E91 /* TaskListViewController.swift */ = {isa = PBXFileReference; lastKnownFileType = sourcecode.swift; path = TaskListViewController.swift; sourceTree = "<group>"; };
		EF7E118429DB64C900BB9E91 /* TaskList.xcdatamodel */ = {isa = PBXFileReference; lastKnownFileType = wrapper.xcdatamodel; path = TaskList.xcdatamodel; sourceTree = "<group>"; };
		EF7E118629DB64C900BB9E91 /* Assets.xcassets */ = {isa = PBXFileReference; lastKnownFileType = folder.assetcatalog; path = Assets.xcassets; sourceTree = "<group>"; };
		EF7E118929DB64C900BB9E91 /* Base */ = {isa = PBXFileReference; lastKnownFileType = file.storyboard; name = Base; path = Base.lproj/LaunchScreen.storyboard; sourceTree = "<group>"; };
		EF7E118B29DB64C900BB9E91 /* Info.plist */ = {isa = PBXFileReference; lastKnownFileType = text.plist.xml; path = Info.plist; sourceTree = "<group>"; };
		EF7E119629DB677600BB9E91 /* TaskTableViewCell.swift */ = {isa = PBXFileReference; lastKnownFileType = sourcecode.swift; path = TaskTableViewCell.swift; sourceTree = "<group>"; };
		EF7E119829DB739900BB9E91 /* TaskViewController.swift */ = {isa = PBXFileReference; lastKnownFileType = sourcecode.swift; path = TaskViewController.swift; sourceTree = "<group>"; };
		EF7E119B29DB7A0300BB9E91 /* UIButton + ext.swift */ = {isa = PBXFileReference; lastKnownFileType = sourcecode.swift; path = "UIButton + ext.swift"; sourceTree = "<group>"; };
		EF7E119D29DB7B4400BB9E91 /* UIStackView + ext.swift */ = {isa = PBXFileReference; lastKnownFileType = sourcecode.swift; path = "UIStackView + ext.swift"; sourceTree = "<group>"; };
		EF7E119F29DC82F300BB9E91 /* ShowAlert.swift */ = {isa = PBXFileReference; lastKnownFileType = sourcecode.swift; path = ShowAlert.swift; sourceTree = "<group>"; };
/* End PBXFileReference section */

/* Begin PBXFrameworksBuildPhase section */
		EF7E117429DB64C900BB9E91 /* Frameworks */ = {
			isa = PBXFrameworksBuildPhase;
			buildActionMask = 2147483647;
			files = (
			);
			runOnlyForDeploymentPostprocessing = 0;
		};
/* End PBXFrameworksBuildPhase section */

/* Begin PBXGroup section */
		EF7E116E29DB64C900BB9E91 = {
			isa = PBXGroup;
			children = (
				EF7E117929DB64C900BB9E91 /* TaskList */,
				EF7E117829DB64C900BB9E91 /* Products */,
			);
			sourceTree = "<group>";
		};
		EF7E117829DB64C900BB9E91 /* Products */ = {
			isa = PBXGroup;
			children = (
				EF7E117729DB64C900BB9E91 /* TaskList.app */,
			);
			name = Products;
			sourceTree = "<group>";
		};
		EF7E117929DB64C900BB9E91 /* TaskList */ = {
			isa = PBXGroup;
			children = (
				EF7E119129DB66C600BB9E91 /* App */,
				EF7E119429DB673200BB9E91 /* Views */,
				EF7E119229DB66E000BB9E91 /* ViewControllers */,
				EF7E119A29DB79EC00BB9E91 /* Extansion */,
				EF7E119329DB66F100BB9E91 /* SupportingFiles */,
				EF7E118329DB64C900BB9E91 /* TaskList.xcdatamodeld */,
			);
			path = TaskList;
			sourceTree = "<group>";
		};
		EF7E119129DB66C600BB9E91 /* App */ = {
			isa = PBXGroup;
			children = (
				EF7E117A29DB64C900BB9E91 /* AppDelegate.swift */,
				EF7E117C29DB64C900BB9E91 /* SceneDelegate.swift */,
			);
			path = App;
			sourceTree = "<group>";
		};
		EF7E119229DB66E000BB9E91 /* ViewControllers */ = {
			isa = PBXGroup;
			children = (
				EF7E117E29DB64C900BB9E91 /* TaskListViewController.swift */,
				EF7E119829DB739900BB9E91 /* TaskViewController.swift */,
			);
			path = ViewControllers;
			sourceTree = "<group>";
		};
		EF7E119329DB66F100BB9E91 /* SupportingFiles */ = {
			isa = PBXGroup;
			children = (
				EF7E118629DB64C900BB9E91 /* Assets.xcassets */,
				EF7E118829DB64C900BB9E91 /* LaunchScreen.storyboard */,
				EF7E118B29DB64C900BB9E91 /* Info.plist */,
			);
			path = SupportingFiles;
			sourceTree = "<group>";
		};
		EF7E119429DB673200BB9E91 /* Views */ = {
			isa = PBXGroup;
			children = (
				EF7E119529DB674A00BB9E91 /* Cells */,
			);
			path = Views;
			sourceTree = "<group>";
		};
		EF7E119529DB674A00BB9E91 /* Cells */ = {
			isa = PBXGroup;
			children = (
				EF7E119629DB677600BB9E91 /* TaskTableViewCell.swift */,
			);
			path = Cells;
			sourceTree = "<group>";
		};
		EF7E119A29DB79EC00BB9E91 /* Extansion */ = {
			isa = PBXGroup;
			children = (
				EF7E119B29DB7A0300BB9E91 /* UIButton + ext.swift */,
				EF7E119D29DB7B4400BB9E91 /* UIStackView + ext.swift */,
				EF7E119F29DC82F300BB9E91 /* ShowAlert.swift */,
			);
			path = Extansion;
			sourceTree = "<group>";
		};
/* End PBXGroup section */

/* Begin PBXNativeTarget section */
		EF7E117629DB64C900BB9E91 /* TaskList */ = {
			isa = PBXNativeTarget;
			buildConfigurationList = EF7E118E29DB64C900BB9E91 /* Build configuration list for PBXNativeTarget "TaskList" */;
			buildPhases = (
				EF7E117329DB64C900BB9E91 /* Sources */,
				EF7E117429DB64C900BB9E91 /* Frameworks */,
				EF7E117529DB64C900BB9E91 /* Resources */,
			);
			buildRules = (
			);
			dependencies = (
			);
			name = TaskList;
			productName = TaskList;
			productReference = EF7E117729DB64C900BB9E91 /* TaskList.app */;
			productType = "com.apple.product-type.application";
		};
/* End PBXNativeTarget section */

/* Begin PBXProject section */
		EF7E116F29DB64C900BB9E91 /* Project object */ = {
			isa = PBXProject;
			attributes = {
				BuildIndependentTargetsInParallel = 1;
				LastSwiftUpdateCheck = 1420;
				LastUpgradeCheck = 1420;
				TargetAttributes = {
					EF7E117629DB64C900BB9E91 = {
						CreatedOnToolsVersion = 14.2;
					};
				};
			};
			buildConfigurationList = EF7E117229DB64C900BB9E91 /* Build configuration list for PBXProject "TaskList" */;
			compatibilityVersion = "Xcode 14.0";
			developmentRegion = en;
			hasScannedForEncodings = 0;
			knownRegions = (
				en,
				Base,
			);
			mainGroup = EF7E116E29DB64C900BB9E91;
			productRefGroup = EF7E117829DB64C900BB9E91 /* Products */;
			projectDirPath = "";
			projectRoot = "";
			targets = (
				EF7E117629DB64C900BB9E91 /* TaskList */,
			);
		};
/* End PBXProject section */

/* Begin PBXResourcesBuildPhase section */
		EF7E117529DB64C900BB9E91 /* Resources */ = {
			isa = PBXResourcesBuildPhase;
			buildActionMask = 2147483647;
			files = (
				EF7E118A29DB64C900BB9E91 /* LaunchScreen.storyboard in Resources */,
				EF7E118729DB64C900BB9E91 /* Assets.xcassets in Resources */,
			);
			runOnlyForDeploymentPostprocessing = 0;
		};
/* End PBXResourcesBuildPhase section */

/* Begin PBXSourcesBuildPhase section */
		EF7E117329DB64C900BB9E91 /* Sources */ = {
			isa = PBXSourcesBuildPhase;
			buildActionMask = 2147483647;
			files = (
				EF7E118529DB64C900BB9E91 /* TaskList.xcdatamodeld in Sources */,
				EF7E119C29DB7A0300BB9E91 /* UIButton + ext.swift in Sources */,
				EF7E117F29DB64C900BB9E91 /* TaskListViewController.swift in Sources */,
				EF7E117B29DB64C900BB9E91 /* AppDelegate.swift in Sources */,
				EF7E11A029DC82F300BB9E91 /* ShowAlert.swift in Sources */,
				EF7E117D29DB64C900BB9E91 /* SceneDelegate.swift in Sources */,
				EF7E119E29DB7B4400BB9E91 /* UIStackView + ext.swift in Sources */,
				EF7E119729DB677600BB9E91 /* TaskTableViewCell.swift in Sources */,
				EF7E119929DB739900BB9E91 /* TaskViewController.swift in Sources */,
			);
			runOnlyForDeploymentPostprocessing = 0;
		};
/* End PBXSourcesBuildPhase section */

/* Begin PBXVariantGroup section */
		EF7E118829DB64C900BB9E91 /* LaunchScreen.storyboard */ = {
			isa = PBXVariantGroup;
			children = (
				EF7E118929DB64C900BB9E91 /* Base */,
			);
			name = LaunchScreen.storyboard;
			sourceTree = "<group>";
		};
/* End PBXVariantGroup section */

/* Begin XCBuildConfiguration section */
		EF7E118C29DB64C900BB9E91 /* Debug */ = {
			isa = XCBuildConfiguration;
			buildSettings = {
				ALWAYS_SEARCH_USER_PATHS = NO;
				CLANG_ANALYZER_NONNULL = YES;
				CLANG_ANALYZER_NUMBER_OBJECT_CONVERSION = YES_AGGRESSIVE;
				CLANG_CXX_LANGUAGE_STANDARD = "gnu++20";
				CLANG_ENABLE_MODULES = YES;
				CLANG_ENABLE_OBJC_ARC = YES;
				CLANG_ENABLE_OBJC_WEAK = YES;
				CLANG_WARN_BLOCK_CAPTURE_AUTORELEASING = YES;
				CLANG_WARN_BOOL_CONVERSION = YES;
				CLANG_WARN_COMMA = YES;
				CLANG_WARN_CONSTANT_CONVERSION = YES;
				CLANG_WARN_DEPRECATED_OBJC_IMPLEMENTATIONS = YES;
				CLANG_WARN_DIRECT_OBJC_ISA_USAGE = YES_ERROR;
				CLANG_WARN_DOCUMENTATION_COMMENTS = YES;
				CLANG_WARN_EMPTY_BODY = YES;
				CLANG_WARN_ENUM_CONVERSION = YES;
				CLANG_WARN_INFINITE_RECURSION = YES;
				CLANG_WARN_INT_CONVERSION = YES;
				CLANG_WARN_NON_LITERAL_NULL_CONVERSION = YES;
				CLANG_WARN_OBJC_IMPLICIT_RETAIN_SELF = YES;
				CLANG_WARN_OBJC_LITERAL_CONVERSION = YES;
				CLANG_WARN_OBJC_ROOT_CLASS = YES_ERROR;
				CLANG_WARN_QUOTED_INCLUDE_IN_FRAMEWORK_HEADER = YES;
				CLANG_WARN_RANGE_LOOP_ANALYSIS = YES;
				CLANG_WARN_STRICT_PROTOTYPES = YES;
				CLANG_WARN_SUSPICIOUS_MOVE = YES;
				CLANG_WARN_UNGUARDED_AVAILABILITY = YES_AGGRESSIVE;
				CLANG_WARN_UNREACHABLE_CODE = YES;
				CLANG_WARN__DUPLICATE_METHOD_MATCH = YES;
				COPY_PHASE_STRIP = NO;
				DEBUG_INFORMATION_FORMAT = dwarf;
				ENABLE_STRICT_OBJC_MSGSEND = YES;
				ENABLE_TESTABILITY = YES;
				GCC_C_LANGUAGE_STANDARD = gnu11;
				GCC_DYNAMIC_NO_PIC = NO;
				GCC_NO_COMMON_BLOCKS = YES;
				GCC_OPTIMIZATION_LEVEL = 0;
				GCC_PREPROCESSOR_DEFINITIONS = (
					"DEBUG=1",
					"$(inherited)",
				);
				GCC_WARN_64_TO_32_BIT_CONVERSION = YES;
				GCC_WARN_ABOUT_RETURN_TYPE = YES_ERROR;
				GCC_WARN_UNDECLARED_SELECTOR = YES;
				GCC_WARN_UNINITIALIZED_AUTOS = YES_AGGRESSIVE;
				GCC_WARN_UNUSED_FUNCTION = YES;
				GCC_WARN_UNUSED_VARIABLE = YES;
				IPHONEOS_DEPLOYMENT_TARGET = 16.2;
				MTL_ENABLE_DEBUG_INFO = INCLUDE_SOURCE;
				MTL_FAST_MATH = YES;
				ONLY_ACTIVE_ARCH = YES;
				SDKROOT = iphoneos;
				SWIFT_ACTIVE_COMPILATION_CONDITIONS = DEBUG;
				SWIFT_OPTIMIZATION_LEVEL = "-Onone";
			};
			name = Debug;
		};
		EF7E118D29DB64C900BB9E91 /* Release */ = {
			isa = XCBuildConfiguration;
			buildSettings = {
				ALWAYS_SEARCH_USER_PATHS = NO;
				CLANG_ANALYZER_NONNULL = YES;
				CLANG_ANALYZER_NUMBER_OBJECT_CONVERSION = YES_AGGRESSIVE;
				CLANG_CXX_LANGUAGE_STANDARD = "gnu++20";
				CLANG_ENABLE_MODULES = YES;
				CLANG_ENABLE_OBJC_ARC = YES;
				CLANG_ENABLE_OBJC_WEAK = YES;
				CLANG_WARN_BLOCK_CAPTURE_AUTORELEASING = YES;
				CLANG_WARN_BOOL_CONVERSION = YES;
				CLANG_WARN_COMMA = YES;
				CLANG_WARN_CONSTANT_CONVERSION = YES;
				CLANG_WARN_DEPRECATED_OBJC_IMPLEMENTATIONS = YES;
				CLANG_WARN_DIRECT_OBJC_ISA_USAGE = YES_ERROR;
				CLANG_WARN_DOCUMENTATION_COMMENTS = YES;
				CLANG_WARN_EMPTY_BODY = YES;
				CLANG_WARN_ENUM_CONVERSION = YES;
				CLANG_WARN_INFINITE_RECURSION = YES;
				CLANG_WARN_INT_CONVERSION = YES;
				CLANG_WARN_NON_LITERAL_NULL_CONVERSION = YES;
				CLANG_WARN_OBJC_IMPLICIT_RETAIN_SELF = YES;
				CLANG_WARN_OBJC_LITERAL_CONVERSION = YES;
				CLANG_WARN_OBJC_ROOT_CLASS = YES_ERROR;
				CLANG_WARN_QUOTED_INCLUDE_IN_FRAMEWORK_HEADER = YES;
				CLANG_WARN_RANGE_LOOP_ANALYSIS = YES;
				CLANG_WARN_STRICT_PROTOTYPES = YES;
				CLANG_WARN_SUSPICIOUS_MOVE = YES;
				CLANG_WARN_UNGUARDED_AVAILABILITY = YES_AGGRESSIVE;
				CLANG_WARN_UNREACHABLE_CODE = YES;
				CLANG_WARN__DUPLICATE_METHOD_MATCH = YES;
				COPY_PHASE_STRIP = NO;
				DEBUG_INFORMATION_FORMAT = "dwarf-with-dsym";
				ENABLE_NS_ASSERTIONS = NO;
				ENABLE_STRICT_OBJC_MSGSEND = YES;
				GCC_C_LANGUAGE_STANDARD = gnu11;
				GCC_NO_COMMON_BLOCKS = YES;
				GCC_WARN_64_TO_32_BIT_CONVERSION = YES;
				GCC_WARN_ABOUT_RETURN_TYPE = YES_ERROR;
				GCC_WARN_UNDECLARED_SELECTOR = YES;
				GCC_WARN_UNINITIALIZED_AUTOS = YES_AGGRESSIVE;
				GCC_WARN_UNUSED_FUNCTION = YES;
				GCC_WARN_UNUSED_VARIABLE = YES;
				IPHONEOS_DEPLOYMENT_TARGET = 16.2;
				MTL_ENABLE_DEBUG_INFO = NO;
				MTL_FAST_MATH = YES;
				SDKROOT = iphoneos;
				SWIFT_COMPILATION_MODE = wholemodule;
				SWIFT_OPTIMIZATION_LEVEL = "-O";
				VALIDATE_PRODUCT = YES;
			};
			name = Release;
		};
		EF7E118F29DB64C900BB9E91 /* Debug */ = {
			isa = XCBuildConfiguration;
			buildSettings = {
				ASSETCATALOG_COMPILER_APPICON_NAME = AppIcon;
				ASSETCATALOG_COMPILER_GLOBAL_ACCENT_COLOR_NAME = AccentColor;
				CODE_SIGN_STYLE = Automatic;
				CURRENT_PROJECT_VERSION = 1;
				DEVELOPMENT_TEAM = 5AXXJ74V2C;
				GENERATE_INFOPLIST_FILE = YES;
				INFOPLIST_FILE = TaskList/SupportingFiles/Info.plist;
				INFOPLIST_KEY_UIApplicationSupportsIndirectInputEvents = YES;
				INFOPLIST_KEY_UILaunchStoryboardName = LaunchScreen;
				INFOPLIST_KEY_UIStatusBarStyle = UIStatusBarStyleLightContent;
				INFOPLIST_KEY_UISupportedInterfaceOrientations = UIInterfaceOrientationPortrait;
				INFOPLIST_KEY_UISupportedInterfaceOrientations_iPad = "UIInterfaceOrientationLandscapeLeft UIInterfaceOrientationLandscapeRight UIInterfaceOrientationPortrait UIInterfaceOrientationPortraitUpsideDown";
				LD_RUNPATH_SEARCH_PATHS = (
					"$(inherited)",
					"@executable_path/Frameworks",
				);
				MARKETING_VERSION = 1.0;
				PRODUCT_BUNDLE_IDENTIFIER = OA.TaskList;
				PRODUCT_NAME = "$(TARGET_NAME)";
				SUPPORTED_PLATFORMS = "iphoneos iphonesimulator";
				SUPPORTS_MACCATALYST = NO;
				SUPPORTS_MAC_DESIGNED_FOR_IPHONE_IPAD = NO;
				SWIFT_EMIT_LOC_STRINGS = YES;
				SWIFT_VERSION = 5.0;
				TARGETED_DEVICE_FAMILY = 1;
			};
			name = Debug;
		};
		EF7E119029DB64C900BB9E91 /* Release */ = {
			isa = XCBuildConfiguration;
			buildSettings = {
				ASSETCATALOG_COMPILER_APPICON_NAME = AppIcon;
				ASSETCATALOG_COMPILER_GLOBAL_ACCENT_COLOR_NAME = AccentColor;
				CODE_SIGN_STYLE = Automatic;
				CURRENT_PROJECT_VERSION = 1;
				DEVELOPMENT_TEAM = 5AXXJ74V2C;
				GENERATE_INFOPLIST_FILE = YES;
				INFOPLIST_FILE = TaskList/SupportingFiles/Info.plist;
				INFOPLIST_KEY_UIApplicationSupportsIndirectInputEvents = YES;
				INFOPLIST_KEY_UILaunchStoryboardName = LaunchScreen;
				INFOPLIST_KEY_UIStatusBarStyle = UIStatusBarStyleLightContent;
				INFOPLIST_KEY_UISupportedInterfaceOrientations = UIInterfaceOrientationPortrait;
				INFOPLIST_KEY_UISupportedInterfaceOrientations_iPad = "UIInterfaceOrientationLandscapeLeft UIInterfaceOrientationLandscapeRight UIInterfaceOrientationPortrait UIInterfaceOrientationPortraitUpsideDown";
				LD_RUNPATH_SEARCH_PATHS = (
					"$(inherited)",
					"@executable_path/Frameworks",
				);
				MARKETING_VERSION = 1.0;
				PRODUCT_BUNDLE_IDENTIFIER = OA.TaskList;
				PRODUCT_NAME = "$(TARGET_NAME)";
				SUPPORTED_PLATFORMS = "iphoneos iphonesimulator";
				SUPPORTS_MACCATALYST = NO;
				SUPPORTS_MAC_DESIGNED_FOR_IPHONE_IPAD = NO;
				SWIFT_EMIT_LOC_STRINGS = YES;
				SWIFT_VERSION = 5.0;
				TARGETED_DEVICE_FAMILY = 1;
			};
			name = Release;
		};
/* End XCBuildConfiguration section */

/* Begin XCConfigurationList section */
		EF7E117229DB64C900BB9E91 /* Build configuration list for PBXProject "TaskList" */ = {
			isa = XCConfigurationList;
			buildConfigurations = (
				EF7E118C29DB64C900BB9E91 /* Debug */,
				EF7E118D29DB64C900BB9E91 /* Release */,
			);
			defaultConfigurationIsVisible = 0;
			defaultConfigurationName = Release;
		};
		EF7E118E29DB64C900BB9E91 /* Build configuration list for PBXNativeTarget "TaskList" */ = {
			isa = XCConfigurationList;
			buildConfigurations = (
				EF7E118F29DB64C900BB9E91 /* Debug */,
				EF7E119029DB64C900BB9E91 /* Release */,
			);
			defaultConfigurationIsVisible = 0;
			defaultConfigurationName = Release;
		};
/* End XCConfigurationList section */

/* Begin XCVersionGroup section */
		EF7E118329DB64C900BB9E91 /* TaskList.xcdatamodeld */ = {
			isa = XCVersionGroup;
			children = (
				EF7E118429DB64C900BB9E91 /* TaskList.xcdatamodel */,
			);
			currentVersion = EF7E118429DB64C900BB9E91 /* TaskList.xcdatamodel */;
			path = TaskList.xcdatamodeld;
			sourceTree = "<group>";
			versionGroupType = wrapper.xcdatamodel;
		};
/* End XCVersionGroup section */
	};
	rootObject = EF7E116F29DB64C900BB9E91 /* Project object */;
}
